
Microsoft Visual Studio Solution File, Format Version 12.00
# Visual Studio Version 17
VisualStudioVersion = 17.14.37314.3 d17.14
MinimumVisualStudioVersion = 10.0.40219.1
Project("{FAE04EC0-301F-11D3-BF4B-00C04F79EFBC}") = "Ariketa13", "Ariketa13\Ariketa13.csproj", "{D8A8ADCF-DE63-479F-8032-DBAD548AB31B}"
EndProject
Global
	GlobalSection(SolutionConfigurationPlatforms) = preSolution
		Debug|Any CPU = Debug|Any CPU
		Release|Any CPU = Release|Any CPU
	EndGlobalSection
	GlobalSection(ProjectConfigurationPlatforms) = postSolution
		{D8A8ADCF-DE63-479F-8032-DBAD548AB31B}.Debug|Any CPU.ActiveCfg = Debug|Any CPU
		{D8A8ADCF-DE63-479F-8032-DBAD548AB31B}.Debug|Any CPU.Build.0 = Debug|Any CPU
		{D8A8ADCF-DE63-479F-8032-DBAD548AB31B}.Release|Any CPU.ActiveCfg = Release|Any CPU
		{D8A8ADCF-DE63-479F-8032-DBAD548AB31B}.Release|Any CPU.Build.0 = Release|Any CPU
	EndGlobalSection
	GlobalSection(SolutionProperties) = preSolution
		HideSolutionNode = FALSE
	EndGlobalSection
	GlobalSection(ExtensibilityGlobals) = postSolution
		SolutionGuid = {A57C18F5-EAE4-4AE4-B908-205B036838C7}
	EndGlobalSection
EndGlobal
