
Microsoft Visual Studio Solution File, Format Version 12.00
# Visual Studio Version 17
VisualStudioVersion = 17.14.37314.3 d17.14
MinimumVisualStudioVersion = 10.0.40219.1
Project("{FAE04EC0-301F-11D3-BF4B-00C04F79EFBC}") = "Ariketa6", "Ariketa6\Ariketa6.csproj", "{77476F43-53CA-4DBB-8F30-0D33BD492C66}"
EndProject
Global
	GlobalSection(SolutionConfigurationPlatforms) = preSolution
		Debug|Any CPU = Debug|Any CPU
		Release|Any CPU = Release|Any CPU
	EndGlobalSection
	GlobalSection(ProjectConfigurationPlatforms) = postSolution
		{77476F43-53CA-4DBB-8F30-0D33BD492C66}.Debug|Any CPU.ActiveCfg = Debug|Any CPU
		{77476F43-53CA-4DBB-8F30-0D33BD492C66}.Debug|Any CPU.Build.0 = Debug|Any CPU
		{77476F43-53CA-4DBB-8F30-0D33BD492C66}.Release|Any CPU.ActiveCfg = Release|Any CPU
		{77476F43-53CA-4DBB-8F30-0D33BD492C66}.Release|Any CPU.Build.0 = Release|Any CPU
	EndGlobalSection
	GlobalSection(SolutionProperties) = preSolution
		HideSolutionNode = FALSE
	EndGlobalSection
	GlobalSection(ExtensibilityGlobals) = postSolution
		SolutionGuid = {4B602FE2-44C9-4C57-9012-C1CDF15AE127}
	EndGlobalSection
EndGlobal
