
Microsoft Visual Studio Solution File, Format Version 12.00
# Visual Studio Version 17
VisualStudioVersion = 17.14.37314.3 d17.14
MinimumVisualStudioVersion = 10.0.40219.1
Project("{FAE04EC0-301F-11D3-BF4B-00C04F79EFBC}") = "Ariketa8", "Ariketa8\Ariketa8.csproj", "{B8482C02-DEDF-4A29-BE74-B3DCC4C7EFE4}"
EndProject
Global
	GlobalSection(SolutionConfigurationPlatforms) = preSolution
		Debug|Any CPU = Debug|Any CPU
		Release|Any CPU = Release|Any CPU
	EndGlobalSection
	GlobalSection(ProjectConfigurationPlatforms) = postSolution
		{B8482C02-DEDF-4A29-BE74-B3DCC4C7EFE4}.Debug|Any CPU.ActiveCfg = Debug|Any CPU
		{B8482C02-DEDF-4A29-BE74-B3DCC4C7EFE4}.Debug|Any CPU.Build.0 = Debug|Any CPU
		{B8482C02-DEDF-4A29-BE74-B3DCC4C7EFE4}.Release|Any CPU.ActiveCfg = Release|Any CPU
		{B8482C02-DEDF-4A29-BE74-B3DCC4C7EFE4}.Release|Any CPU.Build.0 = Release|Any CPU
	EndGlobalSection
	GlobalSection(SolutionProperties) = preSolution
		HideSolutionNode = FALSE
	EndGlobalSection
	GlobalSection(ExtensibilityGlobals) = postSolution
		SolutionGuid = {0FC497EA-6F49-4A4D-8666-181FE53FBDBC}
	EndGlobalSection
EndGlobal
