
Microsoft Visual Studio Solution File, Format Version 12.00
# Visual Studio Version 17
VisualStudioVersion = 17.14.37314.3 d17.14
MinimumVisualStudioVersion = 10.0.40219.1
Project("{FAE04EC0-301F-11D3-BF4B-00C04F79EFBC}") = "Ariketa1_2UD", "Ariketa1_2UD\Ariketa1_2UD.csproj", "{B87CAD69-62F9-491F-83E2-7241FABB4424}"
EndProject
Global
	GlobalSection(SolutionConfigurationPlatforms) = preSolution
		Debug|Any CPU = Debug|Any CPU
		Release|Any CPU = Release|Any CPU
	EndGlobalSection
	GlobalSection(ProjectConfigurationPlatforms) = postSolution
		{B87CAD69-62F9-491F-83E2-7241FABB4424}.Debug|Any CPU.ActiveCfg = Debug|Any CPU
		{B87CAD69-62F9-491F-83E2-7241FABB4424}.Debug|Any CPU.Build.0 = Debug|Any CPU
		{B87CAD69-62F9-491F-83E2-7241FABB4424}.Release|Any CPU.ActiveCfg = Release|Any CPU
		{B87CAD69-62F9-491F-83E2-7241FABB4424}.Release|Any CPU.Build.0 = Release|Any CPU
	EndGlobalSection
	GlobalSection(SolutionProperties) = preSolution
		HideSolutionNode = FALSE
	EndGlobalSection
	GlobalSection(ExtensibilityGlobals) = postSolution
		SolutionGuid = {BB96CC5A-1E9B-4EB6-8422-C1608D570F0C}
	EndGlobalSection
EndGlobal
